// !$*UTF8*$!
{
	archiveVersion = 1;
	classes = {
	};
	objectVersion = 50;
	objects = {

/* Begin PBXBuildFile section */
		1A16B77520D3277E00EA2E7A /* LoginViewController.swift in Sources */ = {isa = PBXBuildFile; fileRef = 1A16B77420D3277E00EA2E7A /* LoginViewController.swift */; };
		1A16B77820D3307300EA2E7A /* RoundedButton.swift in Sources */ = {isa = PBXBuildFile; fileRef = 1A16B77720D3307300EA2E7A /* RoundedButton.swift */; };
		1A16B77A20D3354200EA2E7A /* JVMaterialText.swift in Sources */ = {isa = PBXBuildFile; fileRef = 1A16B77920D3354200EA2E7A /* JVMaterialText.swift */; };
		1A16B77F20D33F5500EA2E7A /* UserInfoCell.swift in Sources */ = {isa = PBXBuildFile; fileRef = 1A16B77D20D33F5400EA2E7A /* UserInfoCell.swift */; };
		1A16B78020D33F5500EA2E7A /* UserInfoCell.xib in Resources */ = {isa = PBXBuildFile; fileRef = 1A16B77E20D33F5400EA2E7A /* UserInfoCell.xib */; };
		1A16B78320D359AA00EA2E7A /* UserRegisterViewController.swift in Sources */ = {isa = PBXBuildFile; fileRef = 1A16B78220D359AA00EA2E7A /* UserRegisterViewController.swift */; };
		1A18B07720D699D100BB46DA /* RoundedView.swift in Sources */ = {isa = PBXBuildFile; fileRef = 1A18B07620D699D100BB46DA /* RoundedView.swift */; };
		1A18B07A20D6CB1500BB46DA /* UIViewControllerExtension.swift in Sources */ = {isa = PBXBuildFile; fileRef = 1A18B07920D6CB1500BB46DA /* UIViewControllerExtension.swift */; };
		1A18B07E20D6D90300BB46DA /* ModalImageViewController.swift in Sources */ = {isa = PBXBuildFile; fileRef = 1A18B07D20D6D90300BB46DA /* ModalImageViewController.swift */; };
		1A18B08020D71B7500BB46DA /* Keychain.swift in Sources */ = {isa = PBXBuildFile; fileRef = 1A18B07F20D71B7500BB46DA /* Keychain.swift */; };
		1A18B08720D72D8700BB46DA /* StringExtension.swift in Sources */ = {isa = PBXBuildFile; fileRef = 1A18B08620D72D8700BB46DA /* StringExtension.swift */; };
		1A18B08B20D764A000BB46DA /* Repository.swift in Sources */ = {isa = PBXBuildFile; fileRef = 1A18B08A20D764A000BB46DA /* Repository.swift */; };
		1A18B08D20D7656F00BB46DA /* SBRepository.swift in Sources */ = {isa = PBXBuildFile; fileRef = 1A18B08C20D7656F00BB46DA /* SBRepository.swift */; };
		1A18B08F20D766FF00BB46DA /* User.swift in Sources */ = {isa = PBXBuildFile; fileRef = 1A18B08E20D766FF00BB46DA /* User.swift */; };
		1A18B09120D7685000BB46DA /* PasswordStored.swift in Sources */ = {isa = PBXBuildFile; fileRef = 1A18B09020D7685000BB46DA /* PasswordStored.swift */; };
		1A18B09320D76AC800BB46DA /* PasswordStoredList.swift in Sources */ = {isa = PBXBuildFile; fileRef = 1A18B09220D76AC800BB46DA /* PasswordStoredList.swift */; };
		1A18B09820D7C7A800BB46DA /* ResponseModel.swift in Sources */ = {isa = PBXBuildFile; fileRef = 1A18B09720D7C7A800BB46DA /* ResponseModel.swift */; };
		1A1E910C20D4A90000107E7E /* PasswordRegisterViewController.swift in Sources */ = {isa = PBXBuildFile; fileRef = 1A1E910B20D4A8FF00107E7E /* PasswordRegisterViewController.swift */; };
		1A1E910E20D4A92300107E7E /* PasswordDetailViewController.swift in Sources */ = {isa = PBXBuildFile; fileRef = 1A1E910D20D4A92300107E7E /* PasswordDetailViewController.swift */; };
		1A1E911220D4AD4000107E7E /* KeyboardAvoidance.swift in Sources */ = {isa = PBXBuildFile; fileRef = 1A1E911120D4AD4000107E7E /* KeyboardAvoidance.swift */; };
		1A1E911420D4B0C900107E7E /* CALayerShadowConfig.swift in Sources */ = {isa = PBXBuildFile; fileRef = 1A1E911320D4B0C900107E7E /* CALayerShadowConfig.swift */; };
		1AD1443A20D2BBA9004FDC7E /* AppDelegate.swift in Sources */ = {isa = PBXBuildFile; fileRef = 1AD1443920D2BBA9004FDC7E /* AppDelegate.swift */; };
		1AD1443C20D2BBA9004FDC7E /* PasswordListViewController.swift in Sources */ = {isa = PBXBuildFile; fileRef = 1AD1443B20D2BBA9004FDC7E /* PasswordListViewController.swift */; };
		1AD1443F20D2BBA9004FDC7E /* Main.storyboard in Resources */ = {isa = PBXBuildFile; fileRef = 1AD1443D20D2BBA9004FDC7E /* Main.storyboard */; };
		1AD1444220D2BBA9004FDC7E /* SecretBox.xcdatamodeld in Sources */ = {isa = PBXBuildFile; fileRef = 1AD1444020D2BBA9004FDC7E /* SecretBox.xcdatamodeld */; };
		1AD1444420D2BBAB004FDC7E /* Assets.xcassets in Resources */ = {isa = PBXBuildFile; fileRef = 1AD1444320D2BBAB004FDC7E /* Assets.xcassets */; };
		1AD1444720D2BBAB004FDC7E /* LaunchScreen.storyboard in Resources */ = {isa = PBXBuildFile; fileRef = 1AD1444520D2BBAB004FDC7E /* LaunchScreen.storyboard */; };
		1AD1445220D2BBAB004FDC7E /* SecretBoxTests.swift in Sources */ = {isa = PBXBuildFile; fileRef = 1AD1445120D2BBAB004FDC7E /* SecretBoxTests.swift */; };
		1AD1445D20D2BBAB004FDC7E /* SecretBoxUITests.swift in Sources */ = {isa = PBXBuildFile; fileRef = 1AD1445C20D2BBAB004FDC7E /* SecretBoxUITests.swift */; };
		43E3E6391E07F16F4F021B8D /* Pods_SecretBoxTests.framework in Frameworks */ = {isa = PBXBuildFile; fileRef = 483D6DF13AA1B619219750A4 /* Pods_SecretBoxTests.framework */; };
		63F97BA3889531610AC88133 /* Pods_SecretBox.framework in Frameworks */ = {isa = PBXBuildFile; fileRef = 5A8EFE501DF7AA0234C6883E /* Pods_SecretBox.framework */; };
		EC7E93517B6B976C72C7D9D6 /* Pods_SecretBoxUITests.framework in Frameworks */ = {isa = PBXBuildFile; fileRef = 580BEDFF07D649E685C88843 /* Pods_SecretBoxUITests.framework */; };
/* End PBXBuildFile section */

/* Begin PBXContainerItemProxy section */
		1AD1444E20D2BBAB004FDC7E /* PBXContainerItemProxy */ = {
			isa = PBXContainerItemProxy;
			containerPortal = 1AD1442E20D2BBA9004FDC7E /* Project object */;
			proxyType = 1;
			remoteGlobalIDString = 1AD1443520D2BBA9004FDC7E;
			remoteInfo = SecretBox;
		};
		1AD1445920D2BBAB004FDC7E /* PBXContainerItemProxy */ = {
			isa = PBXContainerItemProxy;
			containerPortal = 1AD1442E20D2BBA9004FDC7E /* Project object */;
			proxyType = 1;
			remoteGlobalIDString = 1AD1443520D2BBA9004FDC7E;
			remoteInfo = SecretBox;
		};
/* End PBXContainerItemProxy section */

/* Begin PBXFileReference section */
		1A16B77420D3277E00EA2E7A /* LoginViewController.swift */ = {isa = PBXFileReference; lastKnownFileType = sourcecode.swift; path = LoginViewController.swift; sourceTree = "<group>"; };
		1A16B77720D3307300EA2E7A /* RoundedButton.swift */ = {isa = PBXFileReference; lastKnownFileType = sourcecode.swift; path = RoundedButton.swift; sourceTree = "<group>"; };
		1A16B77920D3354200EA2E7A /* JVMaterialText.swift */ = {isa = PBXFileReference; lastKnownFileType = sourcecode.swift; path = JVMaterialText.swift; sourceTree = "<group>"; };
		1A16B77D20D33F5400EA2E7A /* UserInfoCell.swift */ = {isa = PBXFileReference; lastKnownFileType = sourcecode.swift; path = UserInfoCell.swift; sourceTree = "<group>"; };
		1A16B77E20D33F5400EA2E7A /* UserInfoCell.xib */ = {isa = PBXFileReference; lastKnownFileType = file.xib; path = UserInfoCell.xib; sourceTree = "<group>"; };
		1A16B78220D359AA00EA2E7A /* UserRegisterViewController.swift */ = {isa = PBXFileReference; lastKnownFileType = sourcecode.swift; path = UserRegisterViewController.swift; sourceTree = "<group>"; };
		1A18B07620D699D100BB46DA /* RoundedView.swift */ = {isa = PBXFileReference; lastKnownFileType = sourcecode.swift; path = RoundedView.swift; sourceTree = "<group>"; };
		1A18B07920D6CB1500BB46DA /* UIViewControllerExtension.swift */ = {isa = PBXFileReference; lastKnownFileType = sourcecode.swift; path = UIViewControllerExtension.swift; sourceTree = "<group>"; };
		1A18B07D20D6D90300BB46DA /* ModalImageViewController.swift */ = {isa = PBXFileReference; lastKnownFileType = sourcecode.swift; path = ModalImageViewController.swift; sourceTree = "<group>"; };
		1A18B07F20D71B7500BB46DA /* Keychain.swift */ = {isa = PBXFileReference; lastKnownFileType = sourcecode.swift; path = Keychain.swift; sourceTree = "<group>"; };
		1A18B08620D72D8700BB46DA /* StringExtension.swift */ = {isa = PBXFileReference; lastKnownFileType = sourcecode.swift; path = StringExtension.swift; sourceTree = "<group>"; };
		1A18B08A20D764A000BB46DA /* Repository.swift */ = {isa = PBXFileReference; lastKnownFileType = sourcecode.swift; path = Repository.swift; sourceTree = "<group>"; };
		1A18B08C20D7656F00BB46DA /* SBRepository.swift */ = {isa = PBXFileReference; lastKnownFileType = sourcecode.swift; path = SBRepository.swift; sourceTree = "<group>"; };
		1A18B08E20D766FF00BB46DA /* User.swift */ = {isa = PBXFileReference; lastKnownFileType = sourcecode.swift; path = User.swift; sourceTree = "<group>"; };
		1A18B09020D7685000BB46DA /* PasswordStored.swift */ = {isa = PBXFileReference; lastKnownFileType = sourcecode.swift; path = PasswordStored.swift; sourceTree = "<group>"; };
		1A18B09220D76AC800BB46DA /* PasswordStoredList.swift */ = {isa = PBXFileReference; lastKnownFileType = sourcecode.swift; path = PasswordStoredList.swift; sourceTree = "<group>"; };
		1A18B09720D7C7A800BB46DA /* ResponseModel.swift */ = {isa = PBXFileReference; lastKnownFileType = sourcecode.swift; path = ResponseModel.swift; sourceTree = "<group>"; };
		1A1E910B20D4A8FF00107E7E /* PasswordRegisterViewController.swift */ = {isa = PBXFileReference; lastKnownFileType = sourcecode.swift; path = PasswordRegisterViewController.swift; sourceTree = "<group>"; };
		1A1E910D20D4A92300107E7E /* PasswordDetailViewController.swift */ = {isa = PBXFileReference; lastKnownFileType = sourcecode.swift; path = PasswordDetailViewController.swift; sourceTree = "<group>"; };
		1A1E911120D4AD4000107E7E /* KeyboardAvoidance.swift */ = {isa = PBXFileReference; lastKnownFileType = sourcecode.swift; path = KeyboardAvoidance.swift; sourceTree = "<group>"; };
		1A1E911320D4B0C900107E7E /* CALayerShadowConfig.swift */ = {isa = PBXFileReference; lastKnownFileType = sourcecode.swift; path = CALayerShadowConfig.swift; sourceTree = "<group>"; };
		1AD1443620D2BBA9004FDC7E /* SecretBox.app */ = {isa = PBXFileReference; explicitFileType = wrapper.application; includeInIndex = 0; path = SecretBox.app; sourceTree = BUILT_PRODUCTS_DIR; };
		1AD1443920D2BBA9004FDC7E /* AppDelegate.swift */ = {isa = PBXFileReference; lastKnownFileType = sourcecode.swift; path = AppDelegate.swift; sourceTree = "<group>"; };
		1AD1443B20D2BBA9004FDC7E /* PasswordListViewController.swift */ = {isa = PBXFileReference; lastKnownFileType = sourcecode.swift; path = PasswordListViewController.swift; sourceTree = "<group>"; };
		1AD1443E20D2BBA9004FDC7E /* Base */ = {isa = PBXFileReference; lastKnownFileType = file.storyboard; name = Base; path = Base.lproj/Main.storyboard; sourceTree = "<group>"; };
		1AD1444120D2BBA9004FDC7E /* SecretBox.xcdatamodel */ = {isa = PBXFileReference; lastKnownFileType = wrapper.xcdatamodel; path = SecretBox.xcdatamodel; sourceTree = "<group>"; };
		1AD1444320D2BBAB004FDC7E /* Assets.xcassets */ = {isa = PBXFileReference; lastKnownFileType = folder.assetcatalog; path = Assets.xcassets; sourceTree = "<group>"; };
		1AD1444620D2BBAB004FDC7E /* Base */ = {isa = PBXFileReference; lastKnownFileType = file.storyboard; name = Base; path = Base.lproj/LaunchScreen.storyboard; sourceTree = "<group>"; };
		1AD1444820D2BBAB004FDC7E /* Info.plist */ = {isa = PBXFileReference; lastKnownFileType = text.plist.xml; path = Info.plist; sourceTree = "<group>"; };
		1AD1444D20D2BBAB004FDC7E /* SecretBoxTests.xctest */ = {isa = PBXFileReference; explicitFileType = wrapper.cfbundle; includeInIndex = 0; path = SecretBoxTests.xctest; sourceTree = BUILT_PRODUCTS_DIR; };
		1AD1445120D2BBAB004FDC7E /* SecretBoxTests.swift */ = {isa = PBXFileReference; lastKnownFileType = sourcecode.swift; path = SecretBoxTests.swift; sourceTree = "<group>"; };
		1AD1445320D2BBAB004FDC7E /* Info.plist */ = {isa = PBXFileReference; lastKnownFileType = text.plist.xml; path = Info.plist; sourceTree = "<group>"; };
		1AD1445820D2BBAB004FDC7E /* SecretBoxUITests.xctest */ = {isa = PBXFileReference; explicitFileType = wrapper.cfbundle; includeInIndex = 0; path = SecretBoxUITests.xctest; sourceTree = BUILT_PRODUCTS_DIR; };
		1AD1445C20D2BBAB004FDC7E /* SecretBoxUITests.swift */ = {isa = PBXFileReference; lastKnownFileType = sourcecode.swift; path = SecretBoxUITests.swift; sourceTree = "<group>"; };
		1AD1445E20D2BBAB004FDC7E /* Info.plist */ = {isa = PBXFileReference; lastKnownFileType = text.plist.xml; path = Info.plist; sourceTree = "<group>"; };
		46B06DB10565073859A96486 /* Pods-SecretBoxTests.release.xcconfig */ = {isa = PBXFileReference; includeInIndex = 1; lastKnownFileType = text.xcconfig; name = "Pods-SecretBoxTests.release.xcconfig"; path = "Pods/Target Support Files/Pods-SecretBoxTests/Pods-SecretBoxTests.release.xcconfig"; sourceTree = "<group>"; };
		483D6DF13AA1B619219750A4 /* Pods_SecretBoxTests.framework */ = {isa = PBXFileReference; explicitFileType = wrapper.framework; includeInIndex = 0; path = Pods_SecretBoxTests.framework; sourceTree = BUILT_PRODUCTS_DIR; };
		580BEDFF07D649E685C88843 /* Pods_SecretBoxUITests.framework */ = {isa = PBXFileReference; explicitFileType = wrapper.framework; includeInIndex = 0; path = Pods_SecretBoxUITests.framework; sourceTree = BUILT_PRODUCTS_DIR; };
		5A8EFE501DF7AA0234C6883E /* Pods_SecretBox.framework */ = {isa = PBXFileReference; explicitFileType = wrapper.framework; includeInIndex = 0; path = Pods_SecretBox.framework; sourceTree = BUILT_PRODUCTS_DIR; };
		91E3F82D8D91144997C3B926 /* Pods-SecretBox.release.xcconfig */ = {isa = PBXFileReference; includeInIndex = 1; lastKnownFileType = text.xcconfig; name = "Pods-SecretBox.release.xcconfig"; path = "Pods/Target Support Files/Pods-SecretBox/Pods-SecretBox.release.xcconfig"; sourceTree = "<group>"; };
		AF3ED6B26E9C0FA46F0A633E /* Pods-SecretBox.debug.xcconfig */ = {isa = PBXFileReference; includeInIndex = 1; lastKnownFileType = text.xcconfig; name = "Pods-SecretBox.debug.xcconfig"; path = "Pods/Target Support Files/Pods-SecretBox/Pods-SecretBox.debug.xcconfig"; sourceTree = "<group>"; };
		B5D1510654C6D6D3A4E37FF4 /* Pods-SecretBoxUITests.release.xcconfig */ = {isa = PBXFileReference; includeInIndex = 1; lastKnownFileType = text.xcconfig; name = "Pods-SecretBoxUITests.release.xcconfig"; path = "Pods/Target Support Files/Pods-SecretBoxUITests/Pods-SecretBoxUITests.release.xcconfig"; sourceTree = "<group>"; };
		B6A45AA1EC5A54E484E0A93C /* Pods-SecretBoxTests.debug.xcconfig */ = {isa = PBXFileReference; includeInIndex = 1; lastKnownFileType = text.xcconfig; name = "Pods-SecretBoxTests.debug.xcconfig"; path = "Pods/Target Support Files/Pods-SecretBoxTests/Pods-SecretBoxTests.debug.xcconfig"; sourceTree = "<group>"; };
		F123CC6D1C70EF3301E3C67B /* Pods-SecretBoxUITests.debug.xcconfig */ = {isa = PBXFileReference; includeInIndex = 1; lastKnownFileType = text.xcconfig; name = "Pods-SecretBoxUITests.debug.xcconfig"; path = "Pods/Target Support Files/Pods-SecretBoxUITests/Pods-SecretBoxUITests.debug.xcconfig"; sourceTree = "<group>"; };
/* End PBXFileReference section */

/* Begin PBXFrameworksBuildPhase section */
		1AD1443320D2BBA9004FDC7E /* Frameworks */ = {
			isa = PBXFrameworksBuildPhase;
			buildActionMask = 2147483647;
			files = (
				63F97BA3889531610AC88133 /* Pods_SecretBox.framework in Frameworks */,
			);
			runOnlyForDeploymentPostprocessing = 0;
		};
		1AD1444A20D2BBAB004FDC7E /* Frameworks */ = {
			isa = PBXFrameworksBuildPhase;
			buildActionMask = 2147483647;
			files = (
				43E3E6391E07F16F4F021B8D /* Pods_SecretBoxTests.framework in Frameworks */,
			);
			runOnlyForDeploymentPostprocessing = 0;
		};
		1AD1445520D2BBAB004FDC7E /* Frameworks */ = {
			isa = PBXFrameworksBuildPhase;
			buildActionMask = 2147483647;
			files = (
				EC7E93517B6B976C72C7D9D6 /* Pods_SecretBoxUITests.framework in Frameworks */,
			);
			runOnlyForDeploymentPostprocessing = 0;
		};
/* End PBXFrameworksBuildPhase section */

/* Begin PBXGroup section */
		1A16B77620D3304600EA2E7A /* Helper */ = {
			isa = PBXGroup;
			children = (
				1A18B08920D72E0500BB46DA /* Security */,
				1A18B08820D72DB900BB46DA /* CustomLayoutComponents */,
				1A18B07820D6CACC00BB46DA /* Extensions */,
			);
			path = Helper;
			sourceTree = "<group>";
		};
		1A16B77B20D33E5000EA2E7A /* UserInfoCell */ = {
			isa = PBXGroup;
			children = (
				1A16B77E20D33F5400EA2E7A /* UserInfoCell.xib */,
			);
			path = UserInfoCell;
			sourceTree = "<group>";
		};
		1A16B77C20D33ECC00EA2E7A /* UserInfoCell */ = {
			isa = PBXGroup;
			children = (
				1A16B77D20D33F5400EA2E7A /* UserInfoCell.swift */,
			);
			path = UserInfoCell;
			sourceTree = "<group>";
		};
		1A16B78120D3531000EA2E7A /* Services */ = {
			isa = PBXGroup;
			children = (
				1A18B08A20D764A000BB46DA /* Repository.swift */,
				1A18B08C20D7656F00BB46DA /* SBRepository.swift */,
			);
			path = Services;
			sourceTree = "<group>";
		};
		1A18B07820D6CACC00BB46DA /* Extensions */ = {
			isa = PBXGroup;
			children = (
				1A18B07920D6CB1500BB46DA /* UIViewControllerExtension.swift */,
				1A18B08620D72D8700BB46DA /* StringExtension.swift */,
			);
			path = Extensions;
			sourceTree = "<group>";
		};
		1A18B08120D729A000BB46DA /* Login */ = {
			isa = PBXGroup;
			children = (
				1A16B77420D3277E00EA2E7A /* LoginViewController.swift */,
			);
			path = Login;
			sourceTree = "<group>";
		};
		1A18B08220D729B000BB46DA /* UserRegister */ = {
			isa = PBXGroup;
			children = (
				1A16B78220D359AA00EA2E7A /* UserRegisterViewController.swift */,
			);
			path = UserRegister;
			sourceTree = "<group>";
		};
		1A18B08320D729C100BB46DA /* UserDetail */ = {
			isa = PBXGroup;
			children = (
				1A1E910D20D4A92300107E7E /* PasswordDetailViewController.swift */,
				1A18B07D20D6D90300BB46DA /* ModalImageViewController.swift */,
			);
			path = UserDetail;
			sourceTree = "<group>";
		};
		1A18B08420D72A0700BB46DA /* RegisterPassword */ = {
			isa = PBXGroup;
			children = (
				1A1E910B20D4A8FF00107E7E /* PasswordRegisterViewController.swift */,
			);
			path = RegisterPassword;
			sourceTree = "<group>";
		};
		1A18B08520D72A4700BB46DA /* PasswordList */ = {
			isa = PBXGroup;
			children = (
				1AD1443B20D2BBA9004FDC7E /* PasswordListViewController.swift */,
			);
			path = PasswordList;
			sourceTree = "<group>";
		};
		1A18B08820D72DB900BB46DA /* CustomLayoutComponents */ = {
			isa = PBXGroup;
			children = (
				1A1E911320D4B0C900107E7E /* CALayerShadowConfig.swift */,
				1A16B77920D3354200EA2E7A /* JVMaterialText.swift */,
				1A1E911120D4AD4000107E7E /* KeyboardAvoidance.swift */,
				1A16B77720D3307300EA2E7A /* RoundedButton.swift */,
				1A18B07620D699D100BB46DA /* RoundedView.swift */,
			);
			path = CustomLayoutComponents;
			sourceTree = "<group>";
		};
		1A18B08920D72E0500BB46DA /* Security */ = {
			isa = PBXGroup;
			children = (
				1A18B07F20D71B7500BB46DA /* Keychain.swift */,
			);
			path = Security;
			sourceTree = "<group>";
		};
		1A18B09420D7747700BB46DA /* ViewModel */ = {
			isa = PBXGroup;
			children = (
			);
			path = ViewModel;
			sourceTree = "<group>";
		};
		1AD1442D20D2BBA9004FDC7E = {
			isa = PBXGroup;
			children = (
				1AD1443820D2BBA9004FDC7E /* SecretBox */,
				1AD1445020D2BBAB004FDC7E /* SecretBoxTests */,
				1AD1445B20D2BBAB004FDC7E /* SecretBoxUITests */,
				1AD1443720D2BBA9004FDC7E /* Products */,
				448F89BF42C9C30CBBAA5514 /* Pods */,
				815AAAA7D40FAEA19D00BBBA /* Frameworks */,
			);
			sourceTree = "<group>";
		};
		1AD1443720D2BBA9004FDC7E /* Products */ = {
			isa = PBXGroup;
			children = (
				1AD1443620D2BBA9004FDC7E /* SecretBox.app */,
				1AD1444D20D2BBAB004FDC7E /* SecretBoxTests.xctest */,
				1AD1445820D2BBAB004FDC7E /* SecretBoxUITests.xctest */,
			);
			name = Products;
			sourceTree = "<group>";
		};
		1AD1443820D2BBA9004FDC7E /* SecretBox */ = {
			isa = PBXGroup;
			children = (
				1A16B78120D3531000EA2E7A /* Services */,
				1A16B77620D3304600EA2E7A /* Helper */,
				1AD1446D20D2C67D004FDC7E /* Controller */,
				1AD1446C20D2C672004FDC7E /* Model */,
				1AD1446A20D2C366004FDC7E /* View */,
				1A18B09420D7747700BB46DA /* ViewModel */,
				1AD1443920D2BBA9004FDC7E /* AppDelegate.swift */,
				1AD1444320D2BBAB004FDC7E /* Assets.xcassets */,
				1AD1444520D2BBAB004FDC7E /* LaunchScreen.storyboard */,
				1AD1444820D2BBAB004FDC7E /* Info.plist */,
				1AD1444020D2BBA9004FDC7E /* SecretBox.xcdatamodeld */,
			);
			path = SecretBox;
			sourceTree = "<group>";
		};
		1AD1445020D2BBAB004FDC7E /* SecretBoxTests */ = {
			isa = PBXGroup;
			children = (
				1AD1445120D2BBAB004FDC7E /* SecretBoxTests.swift */,
				1AD1445320D2BBAB004FDC7E /* Info.plist */,
			);
			path = SecretBoxTests;
			sourceTree = "<group>";
		};
		1AD1445B20D2BBAB004FDC7E /* SecretBoxUITests */ = {
			isa = PBXGroup;
			children = (
				1AD1445C20D2BBAB004FDC7E /* SecretBoxUITests.swift */,
				1AD1445E20D2BBAB004FDC7E /* Info.plist */,
			);
			path = SecretBoxUITests;
			sourceTree = "<group>";
		};
		1AD1446A20D2C366004FDC7E /* View */ = {
			isa = PBXGroup;
			children = (
				1A16B77B20D33E5000EA2E7A /* UserInfoCell */,
				1AD1443D20D2BBA9004FDC7E /* Main.storyboard */,
			);
			path = View;
			sourceTree = "<group>";
		};
		1AD1446C20D2C672004FDC7E /* Model */ = {
			isa = PBXGroup;
			children = (
				1A18B08E20D766FF00BB46DA /* User.swift */,
				1A18B09020D7685000BB46DA /* PasswordStored.swift */,
				1A18B09220D76AC800BB46DA /* PasswordStoredList.swift */,
				1A18B09720D7C7A800BB46DA /* ResponseModel.swift */,
			);
			path = Model;
			sourceTree = "<group>";
		};
		1AD1446D20D2C67D004FDC7E /* Controller */ = {
			isa = PBXGroup;
			children = (
				1A18B08520D72A4700BB46DA /* PasswordList */,
				1A18B08420D72A0700BB46DA /* RegisterPassword */,
				1A18B08320D729C100BB46DA /* UserDetail */,
				1A18B08220D729B000BB46DA /* UserRegister */,
				1A18B08120D729A000BB46DA /* Login */,
				1A16B77C20D33ECC00EA2E7A /* UserInfoCell */,
			);
			path = Controller;
			sourceTree = "<group>";
		};
		448F89BF42C9C30CBBAA5514 /* Pods */ = {
			isa = PBXGroup;
			children = (
				AF3ED6B26E9C0FA46F0A633E /* Pods-SecretBox.debug.xcconfig */,
				91E3F82D8D91144997C3B926 /* Pods-SecretBox.release.xcconfig */,
				B6A45AA1EC5A54E484E0A93C /* Pods-SecretBoxTests.debug.xcconfig */,
				46B06DB10565073859A96486 /* Pods-SecretBoxTests.release.xcconfig */,
				F123CC6D1C70EF3301E3C67B /* Pods-SecretBoxUITests.debug.xcconfig */,
				B5D1510654C6D6D3A4E37FF4 /* Pods-SecretBoxUITests.release.xcconfig */,
			);
			name = Pods;
			sourceTree = "<group>";
		};
		815AAAA7D40FAEA19D00BBBA /* Frameworks */ = {
			isa = PBXGroup;
			children = (
				5A8EFE501DF7AA0234C6883E /* Pods_SecretBox.framework */,
				483D6DF13AA1B619219750A4 /* Pods_SecretBoxTests.framework */,
				580BEDFF07D649E685C88843 /* Pods_SecretBoxUITests.framework */,
			);
			name = Frameworks;
			sourceTree = "<group>";
		};
/* End PBXGroup section */

/* Begin PBXNativeTarget section */
		1AD1443520D2BBA9004FDC7E /* SecretBox */ = {
			isa = PBXNativeTarget;
			buildConfigurationList = 1AD1446120D2BBAB004FDC7E /* Build configuration list for PBXNativeTarget "SecretBox" */;
			buildPhases = (
				E11C13F7D312B585937A45E1 /* [CP] Check Pods Manifest.lock */,
				1AD1443220D2BBA9004FDC7E /* Sources */,
				1AD1443320D2BBA9004FDC7E /* Frameworks */,
				1AD1443420D2BBA9004FDC7E /* Resources */,
				C2F1B794312AAB1DD0AA08E9 /* [CP] Embed Pods Frameworks */,
			);
			buildRules = (
			);
			dependencies = (
			);
			name = SecretBox;
			productName = SecretBox;
			productReference = 1AD1443620D2BBA9004FDC7E /* SecretBox.app */;
			productType = "com.apple.product-type.application";
		};
		1AD1444C20D2BBAB004FDC7E /* SecretBoxTests */ = {
			isa = PBXNativeTarget;
			buildConfigurationList = 1AD1446420D2BBAB004FDC7E /* Build configuration list for PBXNativeTarget "SecretBoxTests" */;
			buildPhases = (
				491F1CEB3AE918BD548DFF4C /* [CP] Check Pods Manifest.lock */,
				1AD1444920D2BBAB004FDC7E /* Sources */,
				1AD1444A20D2BBAB004FDC7E /* Frameworks */,
				1AD1444B20D2BBAB004FDC7E /* Resources */,
			);
			buildRules = (
			);
			dependencies = (
				1AD1444F20D2BBAB004FDC7E /* PBXTargetDependency */,
			);
			name = SecretBoxTests;
			productName = SecretBoxTests;
			productReference = 1AD1444D20D2BBAB004FDC7E /* SecretBoxTests.xctest */;
			productType = "com.apple.product-type.bundle.unit-test";
		};
		1AD1445720D2BBAB004FDC7E /* SecretBoxUITests */ = {
			isa = PBXNativeTarget;
			buildConfigurationList = 1AD1446720D2BBAB004FDC7E /* Build configuration list for PBXNativeTarget "SecretBoxUITests" */;
			buildPhases = (
				99CA24748D6253503ACF85CF /* [CP] Check Pods Manifest.lock */,
				1AD1445420D2BBAB004FDC7E /* Sources */,
				1AD1445520D2BBAB004FDC7E /* Frameworks */,
				1AD1445620D2BBAB004FDC7E /* Resources */,
			);
			buildRules = (
			);
			dependencies = (
				1AD1445A20D2BBAB004FDC7E /* PBXTargetDependency */,
			);
			name = SecretBoxUITests;
			productName = SecretBoxUITests;
			productReference = 1AD1445820D2BBAB004FDC7E /* SecretBoxUITests.xctest */;
			productType = "com.apple.product-type.bundle.ui-testing";
		};
/* End PBXNativeTarget section */

/* Begin PBXProject section */
		1AD1442E20D2BBA9004FDC7E /* Project object */ = {
			isa = PBXProject;
			attributes = {
				LastSwiftUpdateCheck = 0940;
				LastUpgradeCheck = 0940;
				ORGANIZATIONNAME = "José Victor Pereira Costa";
				TargetAttributes = {
					1AD1443520D2BBA9004FDC7E = {
						CreatedOnToolsVersion = 9.4;
					};
					1AD1444C20D2BBAB004FDC7E = {
						CreatedOnToolsVersion = 9.4;
						TestTargetID = 1AD1443520D2BBA9004FDC7E;
					};
					1AD1445720D2BBAB004FDC7E = {
						CreatedOnToolsVersion = 9.4;
						TestTargetID = 1AD1443520D2BBA9004FDC7E;
					};
				};
			};
			buildConfigurationList = 1AD1443120D2BBA9004FDC7E /* Build configuration list for PBXProject "SecretBox" */;
			compatibilityVersion = "Xcode 9.3";
			developmentRegion = en;
			hasScannedForEncodings = 0;
			knownRegions = (
				en,
				Base,
			);
			mainGroup = 1AD1442D20D2BBA9004FDC7E;
			productRefGroup = 1AD1443720D2BBA9004FDC7E /* Products */;
			projectDirPath = "";
			projectRoot = "";
			targets = (
				1AD1443520D2BBA9004FDC7E /* SecretBox */,
				1AD1444C20D2BBAB004FDC7E /* SecretBoxTests */,
				1AD1445720D2BBAB004FDC7E /* SecretBoxUITests */,
			);
		};
/* End PBXProject section */

/* Begin PBXResourcesBuildPhase section */
		1AD1443420D2BBA9004FDC7E /* Resources */ = {
			isa = PBXResourcesBuildPhase;
			buildActionMask = 2147483647;
			files = (
				1A16B78020D33F5500EA2E7A /* UserInfoCell.xib in Resources */,
				1AD1444720D2BBAB004FDC7E /* LaunchScreen.storyboard in Resources */,
				1AD1444420D2BBAB004FDC7E /* Assets.xcassets in Resources */,
				1AD1443F20D2BBA9004FDC7E /* Main.storyboard in Resources */,
			);
			runOnlyForDeploymentPostprocessing = 0;
		};
		1AD1444B20D2BBAB004FDC7E /* Resources */ = {
			isa = PBXResourcesBuildPhase;
			buildActionMask = 2147483647;
			files = (
			);
			runOnlyForDeploymentPostprocessing = 0;
		};
		1AD1445620D2BBAB004FDC7E /* Resources */ = {
			isa = PBXResourcesBuildPhase;
			buildActionMask = 2147483647;
			files = (
			);
			runOnlyForDeploymentPostprocessing = 0;
		};
/* End PBXResourcesBuildPhase section */

/* Begin PBXShellScriptBuildPhase section */
		491F1CEB3AE918BD548DFF4C /* [CP] Check Pods Manifest.lock */ = {
			isa = PBXShellScriptBuildPhase;
			buildActionMask = 2147483647;
			files = (
			);
			inputPaths = (
				"${PODS_PODFILE_DIR_PATH}/Podfile.lock",
				"${PODS_ROOT}/Manifest.lock",
			);
			name = "[CP] Check Pods Manifest.lock";
			outputPaths = (
				"$(DERIVED_FILE_DIR)/Pods-SecretBoxTests-checkManifestLockResult.txt",
			);
			runOnlyForDeploymentPostprocessing = 0;
			shellPath = /bin/sh;
			shellScript = "diff \"${PODS_PODFILE_DIR_PATH}/Podfile.lock\" \"${PODS_ROOT}/Manifest.lock\" > /dev/null\nif [ $? != 0 ] ; then\n    # print error to STDERR\n    echo \"error: The sandbox is not in sync with the Podfile.lock. Run 'pod install' or update your CocoaPods installation.\" >&2\n    exit 1\nfi\n# This output is used by Xcode 'outputs' to avoid re-running this script phase.\necho \"SUCCESS\" > \"${SCRIPT_OUTPUT_FILE_0}\"\n";
			showEnvVarsInLog = 0;
		};
		99CA24748D6253503ACF85CF /* [CP] Check Pods Manifest.lock */ = {
			isa = PBXShellScriptBuildPhase;
			buildActionMask = 2147483647;
			files = (
			);
			inputPaths = (
				"${PODS_PODFILE_DIR_PATH}/Podfile.lock",
				"${PODS_ROOT}/Manifest.lock",
			);
			name = "[CP] Check Pods Manifest.lock";
			outputPaths = (
				"$(DERIVED_FILE_DIR)/Pods-SecretBoxUITests-checkManifestLockResult.txt",
			);
			runOnlyForDeploymentPostprocessing = 0;
			shellPath = /bin/sh;
			shellScript = "diff \"${PODS_PODFILE_DIR_PATH}/Podfile.lock\" \"${PODS_ROOT}/Manifest.lock\" > /dev/null\nif [ $? != 0 ] ; then\n    # print error to STDERR\n    echo \"error: The sandbox is not in sync with the Podfile.lock. Run 'pod install' or update your CocoaPods installation.\" >&2\n    exit 1\nfi\n# This output is used by Xcode 'outputs' to avoid re-running this script phase.\necho \"SUCCESS\" > \"${SCRIPT_OUTPUT_FILE_0}\"\n";
			showEnvVarsInLog = 0;
		};
		C2F1B794312AAB1DD0AA08E9 /* [CP] Embed Pods Frameworks */ = {
			isa = PBXShellScriptBuildPhase;
			buildActionMask = 2147483647;
			files = (
			);
			inputPaths = (
				"${SRCROOT}/Pods/Target Support Files/Pods-SecretBox/Pods-SecretBox-frameworks.sh",
				"${BUILT_PRODUCTS_DIR}/Alamofire/Alamofire.framework",
				"${BUILT_PRODUCTS_DIR}/Moya/Moya.framework",
				"${BUILT_PRODUCTS_DIR}/Result/Result.framework",
			);
			name = "[CP] Embed Pods Frameworks";
			outputPaths = (
				"${TARGET_BUILD_DIR}/${FRAMEWORKS_FOLDER_PATH}/Alamofire.framework",
				"${TARGET_BUILD_DIR}/${FRAMEWORKS_FOLDER_PATH}/Moya.framework",
				"${TARGET_BUILD_DIR}/${FRAMEWORKS_FOLDER_PATH}/Result.framework",
			);
			runOnlyForDeploymentPostprocessing = 0;
			shellPath = /bin/sh;
			shellScript = "\"${SRCROOT}/Pods/Target Support Files/Pods-SecretBox/Pods-SecretBox-frameworks.sh\"\n";
			showEnvVarsInLog = 0;
		};
		E11C13F7D312B585937A45E1 /* [CP] Check Pods Manifest.lock */ = {
			isa = PBXShellScriptBuildPhase;
			buildActionMask = 2147483647;
			files = (
			);
			inputPaths = (
				"${PODS_PODFILE_DIR_PATH}/Podfile.lock",
				"${PODS_ROOT}/Manifest.lock",
			);
			name = "[CP] Check Pods Manifest.lock";
			outputPaths = (
				"$(DERIVED_FILE_DIR)/Pods-SecretBox-checkManifestLockResult.txt",
			);
			runOnlyForDeploymentPostprocessing = 0;
			shellPath = /bin/sh;
			shellScript = "diff \"${PODS_PODFILE_DIR_PATH}/Podfile.lock\" \"${PODS_ROOT}/Manifest.lock\" > /dev/null\nif [ $? != 0 ] ; then\n    # print error to STDERR\n    echo \"error: The sandbox is not in sync with the Podfile.lock. Run 'pod install' or update your CocoaPods installation.\" >&2\n    exit 1\nfi\n# This output is used by Xcode 'outputs' to avoid re-running this script phase.\necho \"SUCCESS\" > \"${SCRIPT_OUTPUT_FILE_0}\"\n";
			showEnvVarsInLog = 0;
		};
/* End PBXShellScriptBuildPhase section */

/* Begin PBXSourcesBuildPhase section */
		1AD1443220D2BBA9004FDC7E /* Sources */ = {
			isa = PBXSourcesBuildPhase;
			buildActionMask = 2147483647;
			files = (
				1A18B08020D71B7500BB46DA /* Keychain.swift in Sources */,
				1A16B77520D3277E00EA2E7A /* LoginViewController.swift in Sources */,
				1A16B77F20D33F5500EA2E7A /* UserInfoCell.swift in Sources */,
				1A18B07A20D6CB1500BB46DA /* UIViewControllerExtension.swift in Sources */,
				1A18B08D20D7656F00BB46DA /* SBRepository.swift in Sources */,
				1A18B07720D699D100BB46DA /* RoundedView.swift in Sources */,
				1A16B77820D3307300EA2E7A /* RoundedButton.swift in Sources */,
				1A1E911420D4B0C900107E7E /* CALayerShadowConfig.swift in Sources */,
				1A18B08F20D766FF00BB46DA /* User.swift in Sources */,
				1AD1444220D2BBA9004FDC7E /* SecretBox.xcdatamodeld in Sources */,
				1A16B78320D359AA00EA2E7A /* UserRegisterViewController.swift in Sources */,
				1A18B07E20D6D90300BB46DA /* ModalImageViewController.swift in Sources */,
				1A18B09320D76AC800BB46DA /* PasswordStoredList.swift in Sources */,
				1A1E911220D4AD4000107E7E /* KeyboardAvoidance.swift in Sources */,
				1A18B09820D7C7A800BB46DA /* ResponseModel.swift in Sources */,
				1A16B77A20D3354200EA2E7A /* JVMaterialText.swift in Sources */,
				1A1E910E20D4A92300107E7E /* PasswordDetailViewController.swift in Sources */,
				1A18B08720D72D8700BB46DA /* StringExtension.swift in Sources */,
				1AD1443C20D2BBA9004FDC7E /* PasswordListViewController.swift in Sources */,
				1A1E910C20D4A90000107E7E /* PasswordRegisterViewController.swift in Sources */,
				1AD1443A20D2BBA9004FDC7E /* AppDelegate.swift in Sources */,
				1A18B09120D7685000BB46DA /* PasswordStored.swift in Sources */,
				1A18B08B20D764A000BB46DA /* Repository.swift in Sources */,
			);
			runOnlyForDeploymentPostprocessing = 0;
		};
		1AD1444920D2BBAB004FDC7E /* Sources */ = {
			isa = PBXSourcesBuildPhase;
			buildActionMask = 2147483647;
			files = (
				1AD1445220D2BBAB004FDC7E /* SecretBoxTests.swift in Sources */,
			);
			runOnlyForDeploymentPostprocessing = 0;
		};
		1AD1445420D2BBAB004FDC7E /* Sources */ = {
			isa = PBXSourcesBuildPhase;
			buildActionMask = 2147483647;
			files = (
				1AD1445D20D2BBAB004FDC7E /* SecretBoxUITests.swift in Sources */,
			);
			runOnlyForDeploymentPostprocessing = 0;
		};
/* End PBXSourcesBuildPhase section */

/* Begin PBXTargetDependency section */
		1AD1444F20D2BBAB004FDC7E /* PBXTargetDependency */ = {
			isa = PBXTargetDependency;
			target = 1AD1443520D2BBA9004FDC7E /* SecretBox */;
			targetProxy = 1AD1444E20D2BBAB004FDC7E /* PBXContainerItemProxy */;
		};
		1AD1445A20D2BBAB004FDC7E /* PBXTargetDependency */ = {
			isa = PBXTargetDependency;
			target = 1AD1443520D2BBA9004FDC7E /* SecretBox */;
			targetProxy = 1AD1445920D2BBAB004FDC7E /* PBXContainerItemProxy */;
		};
/* End PBXTargetDependency section */

/* Begin PBXVariantGroup section */
		1AD1443D20D2BBA9004FDC7E /* Main.storyboard */ = {
			isa = PBXVariantGroup;
			children = (
				1AD1443E20D2BBA9004FDC7E /* Base */,
			);
			name = Main.storyboard;
			sourceTree = "<group>";
		};
		1AD1444520D2BBAB004FDC7E /* LaunchScreen.storyboard */ = {
			isa = PBXVariantGroup;
			children = (
				1AD1444620D2BBAB004FDC7E /* Base */,
			);
			name = LaunchScreen.storyboard;
			sourceTree = "<group>";
		};
/* End PBXVariantGroup section */

/* Begin XCBuildConfiguration section */
		1AD1445F20D2BBAB004FDC7E /* Debug */ = {
			isa = XCBuildConfiguration;
			buildSettings = {
				ALWAYS_SEARCH_USER_PATHS = NO;
				CLANG_ANALYZER_NONNULL = YES;
				CLANG_ANALYZER_NUMBER_OBJECT_CONVERSION = YES_AGGRESSIVE;
				CLANG_CXX_LANGUAGE_STANDARD = "gnu++14";
				CLANG_CXX_LIBRARY = "libc++";
				CLANG_ENABLE_MODULES = YES;
				CLANG_ENABLE_OBJC_ARC = YES;
				CLANG_ENABLE_OBJC_WEAK = YES;
				CLANG_WARN_BLOCK_CAPTURE_AUTORELEASING = YES;
				CLANG_WARN_BOOL_CONVERSION = YES;
				CLANG_WARN_COMMA = YES;
				CLANG_WARN_CONSTANT_CONVERSION = YES;
				CLANG_WARN_DEPRECATED_OBJC_IMPLEMENTATIONS = YES;
				CLANG_WARN_DIRECT_OBJC_ISA_USAGE = YES_ERROR;
				CLANG_WARN_DOCUMENTATION_COMMENTS = YES;
				CLANG_WARN_EMPTY_BODY = YES;
				CLANG_WARN_ENUM_CONVERSION = YES;
				CLANG_WARN_INFINITE_RECURSION = YES;
				CLANG_WARN_INT_CONVERSION = YES;
				CLANG_WARN_NON_LITERAL_NULL_CONVERSION = YES;
				CLANG_WARN_OBJC_IMPLICIT_RETAIN_SELF = YES;
				CLANG_WARN_OBJC_LITERAL_CONVERSION = YES;
				CLANG_WARN_OBJC_ROOT_CLASS = YES_ERROR;
				CLANG_WARN_RANGE_LOOP_ANALYSIS = YES;
				CLANG_WARN_STRICT_PROTOTYPES = YES;
				CLANG_WARN_SUSPICIOUS_MOVE = YES;
				CLANG_WARN_UNGUARDED_AVAILABILITY = YES_AGGRESSIVE;
				CLANG_WARN_UNREACHABLE_CODE = YES;
				CLANG_WARN__DUPLICATE_METHOD_MATCH = YES;
				CODE_SIGN_IDENTITY = "iPhone Developer";
				COPY_PHASE_STRIP = NO;
				DEBUG_INFORMATION_FORMAT = dwarf;
				ENABLE_STRICT_OBJC_MSGSEND = YES;
				ENABLE_TESTABILITY = YES;
				GCC_C_LANGUAGE_STANDARD = gnu11;
				GCC_DYNAMIC_NO_PIC = NO;
				GCC_NO_COMMON_BLOCKS = YES;
				GCC_OPTIMIZATION_LEVEL = 0;
				GCC_PREPROCESSOR_DEFINITIONS = (
					"DEBUG=1",
					"$(inherited)",
				);
				GCC_WARN_64_TO_32_BIT_CONVERSION = YES;
				GCC_WARN_ABOUT_RETURN_TYPE = YES_ERROR;
				GCC_WARN_UNDECLARED_SELECTOR = YES;
				GCC_WARN_UNINITIALIZED_AUTOS = YES_AGGRESSIVE;
				GCC_WARN_UNUSED_FUNCTION = YES;
				GCC_WARN_UNUSED_VARIABLE = YES;
				IPHONEOS_DEPLOYMENT_TARGET = 11.4;
				MTL_ENABLE_DEBUG_INFO = YES;
				ONLY_ACTIVE_ARCH = YES;
				SDKROOT = iphoneos;
				SWIFT_ACTIVE_COMPILATION_CONDITIONS = DEBUG;
				SWIFT_OPTIMIZATION_LEVEL = "-Onone";
			};
			name = Debug;
		};
		1AD1446020D2BBAB004FDC7E /* Release */ = {
			isa = XCBuildConfiguration;
			buildSettings = {
				ALWAYS_SEARCH_USER_PATHS = NO;
				CLANG_ANALYZER_NONNULL = YES;
				CLANG_ANALYZER_NUMBER_OBJECT_CONVERSION = YES_AGGRESSIVE;
				CLANG_CXX_LANGUAGE_STANDARD = "gnu++14";
				CLANG_CXX_LIBRARY = "libc++";
				CLANG_ENABLE_MODULES = YES;
				CLANG_ENABLE_OBJC_ARC = YES;
				CLANG_ENABLE_OBJC_WEAK = YES;
				CLANG_WARN_BLOCK_CAPTURE_AUTORELEASING = YES;
				CLANG_WARN_BOOL_CONVERSION = YES;
				CLANG_WARN_COMMA = YES;
				CLANG_WARN_CONSTANT_CONVERSION = YES;
				CLANG_WARN_DEPRECATED_OBJC_IMPLEMENTATIONS = YES;
				CLANG_WARN_DIRECT_OBJC_ISA_USAGE = YES_ERROR;
				CLANG_WARN_DOCUMENTATION_COMMENTS = YES;
				CLANG_WARN_EMPTY_BODY = YES;
				CLANG_WARN_ENUM_CONVERSION = YES;
				CLANG_WARN_INFINITE_RECURSION = YES;
				CLANG_WARN_INT_CONVERSION = YES;
				CLANG_WARN_NON_LITERAL_NULL_CONVERSION = YES;
				CLANG_WARN_OBJC_IMPLICIT_RETAIN_SELF = YES;
				CLANG_WARN_OBJC_LITERAL_CONVERSION = YES;
				CLANG_WARN_OBJC_ROOT_CLASS = YES_ERROR;
				CLANG_WARN_RANGE_LOOP_ANALYSIS = YES;
				CLANG_WARN_STRICT_PROTOTYPES = YES;
				CLANG_WARN_SUSPICIOUS_MOVE = YES;
				CLANG_WARN_UNGUARDED_AVAILABILITY = YES_AGGRESSIVE;
				CLANG_WARN_UNREACHABLE_CODE = YES;
				CLANG_WARN__DUPLICATE_METHOD_MATCH = YES;
				CODE_SIGN_IDENTITY = "iPhone Developer";
				COPY_PHASE_STRIP = NO;
				DEBUG_INFORMATION_FORMAT = "dwarf-with-dsym";
				ENABLE_NS_ASSERTIONS = NO;
				ENABLE_STRICT_OBJC_MSGSEND = YES;
				GCC_C_LANGUAGE_STANDARD = gnu11;
				GCC_NO_COMMON_BLOCKS = YES;
				GCC_WARN_64_TO_32_BIT_CONVERSION = YES;
				GCC_WARN_ABOUT_RETURN_TYPE = YES_ERROR;
				GCC_WARN_UNDECLARED_SELECTOR = YES;
				GCC_WARN_UNINITIALIZED_AUTOS = YES_AGGRESSIVE;
				GCC_WARN_UNUSED_FUNCTION = YES;
				GCC_WARN_UNUSED_VARIABLE = YES;
				IPHONEOS_DEPLOYMENT_TARGET = 11.4;
				MTL_ENABLE_DEBUG_INFO = NO;
				SDKROOT = iphoneos;
				SWIFT_COMPILATION_MODE = wholemodule;
				SWIFT_OPTIMIZATION_LEVEL = "-O";
				VALIDATE_PRODUCT = YES;
			};
			name = Release;
		};
		1AD1446220D2BBAB004FDC7E /* Debug */ = {
			isa = XCBuildConfiguration;
			baseConfigurationReference = AF3ED6B26E9C0FA46F0A633E /* Pods-SecretBox.debug.xcconfig */;
			buildSettings = {
				ASSETCATALOG_COMPILER_APPICON_NAME = AppIcon;
				CODE_SIGN_STYLE = Automatic;
				DEVELOPMENT_TEAM = 77FV36N6JL;
				INFOPLIST_FILE = SecretBox/Info.plist;
				IPHONEOS_DEPLOYMENT_TARGET = 11.2;
				LD_RUNPATH_SEARCH_PATHS = (
					"$(inherited)",
					"@executable_path/Frameworks",
				);
				PRODUCT_BUNDLE_IDENTIFIER = jvpc.SecretBox;
				PRODUCT_NAME = "$(TARGET_NAME)";
				SWIFT_VERSION = 4.0;
				TARGETED_DEVICE_FAMILY = "1,2";
			};
			name = Debug;
		};
		1AD1446320D2BBAB004FDC7E /* Release */ = {
			isa = XCBuildConfiguration;
			baseConfigurationReference = 91E3F82D8D91144997C3B926 /* Pods-SecretBox.release.xcconfig */;
			buildSettings = {
				ASSETCATALOG_COMPILER_APPICON_NAME = AppIcon;
				CODE_SIGN_STYLE = Automatic;
				DEVELOPMENT_TEAM = 77FV36N6JL;
				INFOPLIST_FILE = SecretBox/Info.plist;
				IPHONEOS_DEPLOYMENT_TARGET = 11.2;
				LD_RUNPATH_SEARCH_PATHS = (
					"$(inherited)",
					"@executable_path/Frameworks",
				);
				PRODUCT_BUNDLE_IDENTIFIER = jvpc.SecretBox;
				PRODUCT_NAME = "$(TARGET_NAME)";
				SWIFT_VERSION = 4.0;
				TARGETED_DEVICE_FAMILY = "1,2";
			};
			name = Release;
		};
		1AD1446520D2BBAB004FDC7E /* Debug */ = {
			isa = XCBuildConfiguration;
			baseConfigurationReference = B6A45AA1EC5A54E484E0A93C /* Pods-SecretBoxTests.debug.xcconfig */;
			buildSettings = {
				ALWAYS_EMBED_SWIFT_STANDARD_LIBRARIES = YES;
				BUNDLE_LOADER = "$(TEST_HOST)";
				CODE_SIGN_STYLE = Automatic;
				INFOPLIST_FILE = SecretBoxTests/Info.plist;
				LD_RUNPATH_SEARCH_PATHS = (
					"$(inherited)",
					"@executable_path/Frameworks",
					"@loader_path/Frameworks",
				);
				PRODUCT_BUNDLE_IDENTIFIER = jvpc.SecretBoxTests;
				PRODUCT_NAME = "$(TARGET_NAME)";
				SWIFT_VERSION = 4.0;
				TARGETED_DEVICE_FAMILY = "1,2";
				TEST_HOST = "$(BUILT_PRODUCTS_DIR)/SecretBox.app/SecretBox";
			};
			name = Debug;
		};
		1AD1446620D2BBAB004FDC7E /* Release */ = {
			isa = XCBuildConfiguration;
			baseConfigurationReference = 46B06DB10565073859A96486 /* Pods-SecretBoxTests.release.xcconfig */;
			buildSettings = {
				ALWAYS_EMBED_SWIFT_STANDARD_LIBRARIES = YES;
				BUNDLE_LOADER = "$(TEST_HOST)";
				CODE_SIGN_STYLE = Automatic;
				INFOPLIST_FILE = SecretBoxTests/Info.plist;
				LD_RUNPATH_SEARCH_PATHS = (
					"$(inherited)",
					"@executable_path/Frameworks",
					"@loader_path/Frameworks",
				);
				PRODUCT_BUNDLE_IDENTIFIER = jvpc.SecretBoxTests;
				PRODUCT_NAME = "$(TARGET_NAME)";
				SWIFT_VERSION = 4.0;
				TARGETED_DEVICE_FAMILY = "1,2";
				TEST_HOST = "$(BUILT_PRODUCTS_DIR)/SecretBox.app/SecretBox";
			};
			name = Release;
		};
		1AD1446820D2BBAB004FDC7E /* Debug */ = {
			isa = XCBuildConfiguration;
			baseConfigurationReference = F123CC6D1C70EF3301E3C67B /* Pods-SecretBoxUITests.debug.xcconfig */;
			buildSettings = {
				ALWAYS_EMBED_SWIFT_STANDARD_LIBRARIES = YES;
				CODE_SIGN_STYLE = Automatic;
				INFOPLIST_FILE = SecretBoxUITests/Info.plist;
				LD_RUNPATH_SEARCH_PATHS = (
					"$(inherited)",
					"@executable_path/Frameworks",
					"@loader_path/Frameworks",
				);
				PRODUCT_BUNDLE_IDENTIFIER = jvpc.SecretBoxUITests;
				PRODUCT_NAME = "$(TARGET_NAME)";
				SWIFT_VERSION = 4.0;
				TARGETED_DEVICE_FAMILY = "1,2";
				TEST_TARGET_NAME = SecretBox;
			};
			name = Debug;
		};
		1AD1446920D2BBAB004FDC7E /* Release */ = {
			isa = XCBuildConfiguration;
			baseConfigurationReference = B5D1510654C6D6D3A4E37FF4 /* Pods-SecretBoxUITests.release.xcconfig */;
			buildSettings = {
				ALWAYS_EMBED_SWIFT_STANDARD_LIBRARIES = YES;
				CODE_SIGN_STYLE = Automatic;
				INFOPLIST_FILE = SecretBoxUITests/Info.plist;
				LD_RUNPATH_SEARCH_PATHS = (
					"$(inherited)",
					"@executable_path/Frameworks",
					"@loader_path/Frameworks",
				);
				PRODUCT_BUNDLE_IDENTIFIER = jvpc.SecretBoxUITests;
				PRODUCT_NAME = "$(TARGET_NAME)";
				SWIFT_VERSION = 4.0;
				TARGETED_DEVICE_FAMILY = "1,2";
				TEST_TARGET_NAME = SecretBox;
			};
			name = Release;
		};
/* End XCBuildConfiguration section */

/* Begin XCConfigurationList section */
		1AD1443120D2BBA9004FDC7E /* Build configuration list for PBXProject "SecretBox" */ = {
			isa = XCConfigurationList;
			buildConfigurations = (
				1AD1445F20D2BBAB004FDC7E /* Debug */,
				1AD1446020D2BBAB004FDC7E /* Release */,
			);
			defaultConfigurationIsVisible = 0;
			defaultConfigurationName = Release;
		};
		1AD1446120D2BBAB004FDC7E /* Build configuration list for PBXNativeTarget "SecretBox" */ = {
			isa = XCConfigurationList;
			buildConfigurations = (
				1AD1446220D2BBAB004FDC7E /* Debug */,
				1AD1446320D2BBAB004FDC7E /* Release */,
			);
			defaultConfigurationIsVisible = 0;
			defaultConfigurationName = Release;
		};
		1AD1446420D2BBAB004FDC7E /* Build configuration list for PBXNativeTarget "SecretBoxTests" */ = {
			isa = XCConfigurationList;
			buildConfigurations = (
				1AD1446520D2BBAB004FDC7E /* Debug */,
				1AD1446620D2BBAB004FDC7E /* Release */,
			);
			defaultConfigurationIsVisible = 0;
			defaultConfigurationName = Release;
		};
		1AD1446720D2BBAB004FDC7E /* Build configuration list for PBXNativeTarget "SecretBoxUITests" */ = {
			isa = XCConfigurationList;
			buildConfigurations = (
				1AD1446820D2BBAB004FDC7E /* Debug */,
				1AD1446920D2BBAB004FDC7E /* Release */,
			);
			defaultConfigurationIsVisible = 0;
			defaultConfigurationName = Release;
		};
/* End XCConfigurationList section */

/* Begin XCVersionGroup section */
		1AD1444020D2BBA9004FDC7E /* SecretBox.xcdatamodeld */ = {
			isa = XCVersionGroup;
			children = (
				1AD1444120D2BBA9004FDC7E /* SecretBox.xcdatamodel */,
			);
			currentVersion = 1AD1444120D2BBA9004FDC7E /* SecretBox.xcdatamodel */;
			path = SecretBox.xcdatamodeld;
			sourceTree = "<group>";
			versionGroupType = wrapper.xcdatamodel;
		};
/* End XCVersionGroup section */
	};
	rootObject = 1AD1442E20D2BBA9004FDC7E /* Project object */;
}
